
Microsoft Visual Studio Solution File, Format Version 12.00
# Visual Studio Version 17
VisualStudioVersion = 17.0.31903.59
MinimumVisualStudioVersion = 10.0.40219.1
Project("{FAE04EC0-301F-11D3-BF4B-00C04F79EFBC}") = "RandomThoughtsApi", "RandomThoughtsApi\RandomThoughtsApi.csproj", "{EB809B9C-9789-478C-9E56-77D741A690C0}"
EndProject
Project("{FAE04EC0-301F-11D3-BF4B-00C04F79EFBC}") = "RandomThoughts.Tests", "RandomThoughts.Tests\RandomThoughts.Tests.csproj", "{3FA65EC6-6CB2-4AE2-9BA1-C68FB7BC432A}"
EndProject
Global
	GlobalSection(SolutionConfigurationPlatforms) = preSolution
		Debug|Any CPU = Debug|Any CPU
		Release|Any CPU = Release|Any CPU
	EndGlobalSection
	GlobalSection(SolutionProperties) = preSolution
		HideSolutionNode = FALSE
	EndGlobalSection
	GlobalSection(ProjectConfigurationPlatforms) = postSolution
		{EB809B9C-9789-478C-9E56-77D741A690C0}.Debug|Any CPU.ActiveCfg = Debug|Any CPU
		{EB809B9C-9789-478C-9E56-77D741A690C0}.Debug|Any CPU.Build.0 = Debug|Any CPU
		{EB809B9C-9789-478C-9E56-77D741A690C0}.Release|Any CPU.ActiveCfg = Release|Any CPU
		{EB809B9C-9789-478C-9E56-77D741A690C0}.Release|Any CPU.Build.0 = Release|Any CPU
		{3FA65EC6-6CB2-4AE2-9BA1-C68FB7BC432A}.Debug|Any CPU.ActiveCfg = Debug|Any CPU
		{3FA65EC6-6CB2-4AE2-9BA1-C68FB7BC432A}.Debug|Any CPU.Build.0 = Debug|Any CPU
		{3FA65EC6-6CB2-4AE2-9BA1-C68FB7BC432A}.Release|Any CPU.ActiveCfg = Release|Any CPU
		{3FA65EC6-6CB2-4AE2-9BA1-C68FB7BC432A}.Release|Any CPU.Build.0 = Release|Any CPU
	EndGlobalSection
EndGlobal
